PODS:
  - KiClock (1.0.0)

DEPENDENCIES:
  - KiClock (from `https://github.com/soledue/kiclock.git`, branch `develop`)

EXTERNAL SOURCES:
  KiClock:
    :branch: develop
    :git: https://github.com/soledue/kiclock.git

CHECKOUT OPTIONS:
  KiClock:
    :commit: 0345b3780ffa2149af82b2bb448c0d0fa882180e
    :git: https://github.com/soledue/kiclock.git

SPEC CHECKSUMS:
  KiClock: 27d24e3e57e27af9bca07c65529e817814eaff68

PODFILE CHECKSUM: caef1227ca0f2a6ac80220eef43861ce17c1c896

COCOAPODS: 1.10.1
