PODS:
  - KiClock (1.0.0)

DEPENDENCIES:
  - KiClock (from `https://github.com/soledue/kiclock.git`, branch `develop`)

EXTERNAL SOURCES:
  KiClock:
    :branch: develop
    :git: https://github.com/soledue/kiclock.git

CHECKOUT OPTIONS:
  KiClock:
    :commit: 941af83f182aa5eba123991a5f73af749665a9ad
    :git: https://github.com/soledue/kiclock.git

SPEC CHECKSUMS:
  KiClock: a2febae7767ab95104d2f43a440b19cece186301

PODFILE CHECKSUM: caef1227ca0f2a6ac80220eef43861ce17c1c896

COCOAPODS: 1.10.1
