PODS:
  - KiClock (1.0.0)

DEPENDENCIES:
  - KiClock (from `https://github.com/soledue/kiclock.git`, branch `develop`)

EXTERNAL SOURCES:
  KiClock:
    :branch: develop
    :git: https://github.com/soledue/kiclock.git

CHECKOUT OPTIONS:
  KiClock:
    :commit: 6e1bc0f9b7c031c8f956314bf5b100d2d61b82c1
    :git: https://github.com/soledue/kiclock.git

SPEC CHECKSUMS:
  KiClock: a2febae7767ab95104d2f43a440b19cece186301

PODFILE CHECKSUM: caef1227ca0f2a6ac80220eef43861ce17c1c896

COCOAPODS: 1.10.1
